// !$*UTF8*$!
{
	archiveVersion = 1;
	classes = {
	};
	objectVersion = 50;
	objects = {

/* Begin PBXBuildFile section */
		69009BFC22313DE400C6804F /* AddAccountLocationVC.swift in Sources */ = {isa = PBXBuildFile; fileRef = 69009BFB22313DE400C6804F /* AddAccountLocationVC.swift */; };
		6907281E221B2C9F00629976 /* ObservationsEntity+CoreDataClass.swift in Sources */ = {isa = PBXBuildFile; fileRef = 6907281C221B2C9F00629976 /* ObservationsEntity+CoreDataClass.swift */; };
		6907281F221B2C9F00629976 /* ObservationsEntity+CoreDataProperties.swift in Sources */ = {isa = PBXBuildFile; fileRef = 6907281D221B2C9F00629976 /* ObservationsEntity+CoreDataProperties.swift */; };
		69072836221BEF0600629976 /* PartitionEntity+CoreDataClass.swift in Sources */ = {isa = PBXBuildFile; fileRef = 69072830221BEF0600629976 /* PartitionEntity+CoreDataClass.swift */; };
		69072837221BEF0600629976 /* PartitionEntity+CoreDataProperties.swift in Sources */ = {isa = PBXBuildFile; fileRef = 69072831221BEF0600629976 /* PartitionEntity+CoreDataProperties.swift */; };
		69072838221BEF0600629976 /* ZoneEntity+CoreDataClass.swift in Sources */ = {isa = PBXBuildFile; fileRef = 69072832221BEF0600629976 /* ZoneEntity+CoreDataClass.swift */; };
		69072839221BEF0600629976 /* ZoneEntity+CoreDataProperties.swift in Sources */ = {isa = PBXBuildFile; fileRef = 69072833221BEF0600629976 /* ZoneEntity+CoreDataProperties.swift */; };
		69086B5A222D2D40007537E4 /* EventEntity+CoreDataClass.swift in Sources */ = {isa = PBXBuildFile; fileRef = 69086B58222D2D40007537E4 /* EventEntity+CoreDataClass.swift */; };
		69086B5B222D2D40007537E4 /* EventEntity+CoreDataProperties.swift in Sources */ = {isa = PBXBuildFile; fileRef = 69086B59222D2D40007537E4 /* EventEntity+CoreDataProperties.swift */; };
		690DB450214D1C3C00BA55FC /* DateAndTime.swift in Sources */ = {isa = PBXBuildFile; fileRef = 690DB44F214D1C3C00BA55FC /* DateAndTime.swift */; };
		69128CC1222537E6002E903B /* UserEntity+CoreDataClass.swift in Sources */ = {isa = PBXBuildFile; fileRef = 69128CBD222537E6002E903B /* UserEntity+CoreDataClass.swift */; };
		69128CC2222537E6002E903B /* UserEntity+CoreDataProperties.swift in Sources */ = {isa = PBXBuildFile; fileRef = 69128CBE222537E6002E903B /* UserEntity+CoreDataProperties.swift */; };
		69128CC622253F2D002E903B /* UsersVC.swift in Sources */ = {isa = PBXBuildFile; fileRef = 69128CC522253F2D002E903B /* UsersVC.swift */; };
		69128CC82225405B002E903B /* StoreUsers.swift in Sources */ = {isa = PBXBuildFile; fileRef = 69128CC72225405B002E903B /* StoreUsers.swift */; };
		69128CCB222543D5002E903B /* ManagerEntity+CoreDataClass.swift in Sources */ = {isa = PBXBuildFile; fileRef = 69128CC9222543D5002E903B /* ManagerEntity+CoreDataClass.swift */; };
		69128CCC222543D5002E903B /* ManagerEntity+CoreDataProperties.swift in Sources */ = {isa = PBXBuildFile; fileRef = 69128CCA222543D5002E903B /* ManagerEntity+CoreDataProperties.swift */; };
		69128CCE22255829002E903B /* AddUserVC.swift in Sources */ = {isa = PBXBuildFile; fileRef = 69128CCD22255829002E903B /* AddUserVC.swift */; };
		69128CD02225584C002E903B /* AddManagerVC.swift in Sources */ = {isa = PBXBuildFile; fileRef = 69128CCF2225584C002E903B /* AddManagerVC.swift */; };
		69128CD2222558C2002E903B /* UserPAsswordConfirmationVC.swift in Sources */ = {isa = PBXBuildFile; fileRef = 69128CD1222558C2002E903B /* UserPAsswordConfirmationVC.swift */; };
		691E0A90221DB5DC00C6CEB6 /* TicketNumberEntity+CoreDataClass.swift in Sources */ = {isa = PBXBuildFile; fileRef = 691E0A8E221DB5DC00C6CEB6 /* TicketNumberEntity+CoreDataClass.swift */; };
		691E0A91221DB5DC00C6CEB6 /* TicketNumberEntity+CoreDataProperties.swift in Sources */ = {isa = PBXBuildFile; fileRef = 691E0A8F221DB5DC00C6CEB6 /* TicketNumberEntity+CoreDataProperties.swift */; };
		69277C9C21AEFE090088CA57 /* AddAccountViewController.swift in Sources */ = {isa = PBXBuildFile; fileRef = 69277C9B21AEFE090088CA57 /* AddAccountViewController.swift */; };
		6929266221AC596300AAFF23 /* AddAccount.storyboard in Resources */ = {isa = PBXBuildFile; fileRef = 6929266121AC596300AAFF23 /* AddAccount.storyboard */; };
		693670D52211A2BD006667F8 /* Account.swift in Sources */ = {isa = PBXBuildFile; fileRef = 693670D42211A2BD006667F8 /* Account.swift */; };
		694A714B2213FFD000A4AF5F /* AddPartitionVC.swift in Sources */ = {isa = PBXBuildFile; fileRef = 694A714A2213FFD000A4AF5F /* AddPartitionVC.swift */; };
		694A714D2214007800A4AF5F /* AddZoneVC.swift in Sources */ = {isa = PBXBuildFile; fileRef = 694A714C2214007800A4AF5F /* AddZoneVC.swift */; };
		694A714F221400C000A4AF5F /* AddEmiDetailVC.swift in Sources */ = {isa = PBXBuildFile; fileRef = 694A714E221400C000A4AF5F /* AddEmiDetailVC.swift */; };
		694A71522214013700A4AF5F /* AddObservationVC.swift in Sources */ = {isa = PBXBuildFile; fileRef = 694A71512214013700A4AF5F /* AddObservationVC.swift */; };
		695861E8222E74D500596229 /* BlackListEntity+CoreDataClass.swift in Sources */ = {isa = PBXBuildFile; fileRef = 695861E6222E74D500596229 /* BlackListEntity+CoreDataClass.swift */; };
		695861E9222E74D500596229 /* BlackListEntity+CoreDataProperties.swift in Sources */ = {isa = PBXBuildFile; fileRef = 695861E7222E74D500596229 /* BlackListEntity+CoreDataProperties.swift */; };
		695861EB222E77B300596229 /* DspStoreData.swift in Sources */ = {isa = PBXBuildFile; fileRef = 695861EA222E77B300596229 /* DspStoreData.swift */; };
		695F95BA214C95B100C079D4 /* AppDelegate.swift in Sources */ = {isa = PBXBuildFile; fileRef = 695F95B9214C95B100C079D4 /* AppDelegate.swift */; };
		695F95BC214C95B100C079D4 /* DspViewController.swift in Sources */ = {isa = PBXBuildFile; fileRef = 695F95BB214C95B100C079D4 /* DspViewController.swift */; };
		695F95BF214C95B100C079D4 /* DSP.xcdatamodeld in Sources */ = {isa = PBXBuildFile; fileRef = 695F95BD214C95B100C079D4 /* DSP.xcdatamodeld */; };
		695F95C1214C95B200C079D4 /* Assets.xcassets in Resources */ = {isa = PBXBuildFile; fileRef = 695F95C0214C95B200C079D4 /* Assets.xcassets */; };
		695F95C4214C95B200C079D4 /* Main.storyboard in Resources */ = {isa = PBXBuildFile; fileRef = 695F95C2214C95B200C079D4 /* Main.storyboard */; };
		695F95D3214C96E500C079D4 /* Login.swift in Sources */ = {isa = PBXBuildFile; fileRef = 695F95D2214C96E500C079D4 /* Login.swift */; };
		695F95D9214C975F00C079D4 /* Events.swift in Sources */ = {isa = PBXBuildFile; fileRef = 695F95D8214C975F00C079D4 /* Events.swift */; };
		695F95DB214C978500C079D4 /* DspManager.swift in Sources */ = {isa = PBXBuildFile; fileRef = 695F95DA214C978500C079D4 /* DspManager.swift */; };
		695F95DE214C97F600C079D4 /* ParadoxIprsReciver.swift in Sources */ = {isa = PBXBuildFile; fileRef = 695F95DD214C97F600C079D4 /* ParadoxIprsReciver.swift */; };
		695F95E0214C982400C079D4 /* ReciversManager.swift in Sources */ = {isa = PBXBuildFile; fileRef = 695F95DF214C982400C079D4 /* ReciversManager.swift */; };
		695F95E4214C990C00C079D4 /* TextFilesTools.swift in Sources */ = {isa = PBXBuildFile; fileRef = 695F95E3214C990C00C079D4 /* TextFilesTools.swift */; };
		695F95E7214C995600C079D4 /* UserStoreData.swift in Sources */ = {isa = PBXBuildFile; fileRef = 695F95E6214C995600C079D4 /* UserStoreData.swift */; };
		695F95EA214C99E200C079D4 /* CoreDataManager.swift in Sources */ = {isa = PBXBuildFile; fileRef = 695F95E9214C99E200C079D4 /* CoreDataManager.swift */; };
		697837092238262F0005CF8C /* Maxga.swift in Sources */ = {isa = PBXBuildFile; fileRef = 697837082238262F0005CF8C /* Maxga.swift */; };
		69A8F6F9220495DE00DA38E0 /* ScheduleEntity+CoreDataClass.swift in Sources */ = {isa = PBXBuildFile; fileRef = 69A8F6F7220495DE00DA38E0 /* ScheduleEntity+CoreDataClass.swift */; };
		69A8F6FA220495DE00DA38E0 /* ScheduleEntity+CoreDataProperties.swift in Sources */ = {isa = PBXBuildFile; fileRef = 69A8F6F8220495DE00DA38E0 /* ScheduleEntity+CoreDataProperties.swift */; };
		69AC7A38222827C00054523C /* LoginVC.swift in Sources */ = {isa = PBXBuildFile; fileRef = 69AC7A37222827C00054523C /* LoginVC.swift */; };
		69AC7A3A22282B370054523C /* UsersManager.swift in Sources */ = {isa = PBXBuildFile; fileRef = 69AC7A3922282B370054523C /* UsersManager.swift */; };
		69B586D721DD2688007495FE /* Notifications.swift in Sources */ = {isa = PBXBuildFile; fileRef = 69B586D621DD2688007495FE /* Notifications.swift */; };
		69B774E121B7257B001CF2F6 /* EmiEntity+CoreDataClass.swift in Sources */ = {isa = PBXBuildFile; fileRef = 69B774C921B7257B001CF2F6 /* EmiEntity+CoreDataClass.swift */; };
		69B774E221B7257B001CF2F6 /* EmiEntity+CoreDataProperties.swift in Sources */ = {isa = PBXBuildFile; fileRef = 69B774CA21B7257B001CF2F6 /* EmiEntity+CoreDataProperties.swift */; };
		69C9CDD7221036BE00FA36EE /* DspAlerts.swift in Sources */ = {isa = PBXBuildFile; fileRef = 69C9CDD6221036BE00FA36EE /* DspAlerts.swift */; };
		69CC4AF521A5C52500D18681 /* Accounts.storyboard in Resources */ = {isa = PBXBuildFile; fileRef = 69CC4AF421A5C52500D18681 /* Accounts.storyboard */; };
		69D6BDE3221FF2F4008C1573 /* ContactEntity+CoreDataClass.swift in Sources */ = {isa = PBXBuildFile; fileRef = 69D6BDE1221FF2F4008C1573 /* ContactEntity+CoreDataClass.swift */; };
		69D6BDE4221FF2F4008C1573 /* ContactEntity+CoreDataProperties.swift in Sources */ = {isa = PBXBuildFile; fileRef = 69D6BDE2221FF2F4008C1573 /* ContactEntity+CoreDataProperties.swift */; };
		69D6BDEA221FFD33008C1573 /* AddContactVC.swift in Sources */ = {isa = PBXBuildFile; fileRef = 69D6BDE9221FFD33008C1573 /* AddContactVC.swift */; };
		69D6BDEC22200076008C1573 /* AddTicketVC.swift in Sources */ = {isa = PBXBuildFile; fileRef = 69D6BDEB22200076008C1573 /* AddTicketVC.swift */; };
		69D814B42236AF83006C2A54 /* AddEmiVC.swift in Sources */ = {isa = PBXBuildFile; fileRef = 69D814B32236AF83006C2A54 /* AddEmiVC.swift */; };
		69D814B62236B1DC006C2A54 /* AddEmiLocationVC.swift in Sources */ = {isa = PBXBuildFile; fileRef = 69D814B52236B1DC006C2A54 /* AddEmiLocationVC.swift */; };
		69D814BB2236B662006C2A54 /* AccountEntity+CoreDataClass.swift in Sources */ = {isa = PBXBuildFile; fileRef = 69D814B72236B662006C2A54 /* AccountEntity+CoreDataClass.swift */; };
		69D814BC2236B662006C2A54 /* AccountEntity+CoreDataProperties.swift in Sources */ = {isa = PBXBuildFile; fileRef = 69D814B82236B662006C2A54 /* AccountEntity+CoreDataProperties.swift */; };
		69D814C52236C8B7006C2A54 /* AccountLocationEntity+CoreDataClass.swift in Sources */ = {isa = PBXBuildFile; fileRef = 69D814C32236C8B7006C2A54 /* AccountLocationEntity+CoreDataClass.swift */; };
		69D814C62236C8B7006C2A54 /* AccountLocationEntity+CoreDataProperties.swift in Sources */ = {isa = PBXBuildFile; fileRef = 69D814C42236C8B7006C2A54 /* AccountLocationEntity+CoreDataProperties.swift */; };
		69ED262E22388F4B00698788 /* AccountsViewController.swift in Sources */ = {isa = PBXBuildFile; fileRef = 69ED262D22388F4B00698788 /* AccountsViewController.swift */; };
		69ED4D052235075500D0ACBD /* TicketEntity+CoreDataClass.swift in Sources */ = {isa = PBXBuildFile; fileRef = 69ED4D032235075500D0ACBD /* TicketEntity+CoreDataClass.swift */; };
		69ED4D062235075500D0ACBD /* TicketEntity+CoreDataProperties.swift in Sources */ = {isa = PBXBuildFile; fileRef = 69ED4D042235075500D0ACBD /* TicketEntity+CoreDataProperties.swift */; };
		69F4304F22192E9A0032E7E4 /* ActionDetailesEntity+CoreDataClass.swift in Sources */ = {isa = PBXBuildFile; fileRef = 69F4304922192E9A0032E7E4 /* ActionDetailesEntity+CoreDataClass.swift */; };
		69F4305022192E9A0032E7E4 /* ActionDetailesEntity+CoreDataProperties.swift in Sources */ = {isa = PBXBuildFile; fileRef = 69F4304A22192E9A0032E7E4 /* ActionDetailesEntity+CoreDataProperties.swift */; };
		69F4305122192E9A0032E7E4 /* EmiDetailesEntity+CoreDataClass.swift in Sources */ = {isa = PBXBuildFile; fileRef = 69F4304B22192E9A0032E7E4 /* EmiDetailesEntity+CoreDataClass.swift */; };
		69F4305222192E9A0032E7E4 /* EmiDetailesEntity+CoreDataProperties.swift in Sources */ = {isa = PBXBuildFile; fileRef = 69F4304C22192E9A0032E7E4 /* EmiDetailesEntity+CoreDataProperties.swift */; };
/* End PBXBuildFile section */

/* Begin PBXFileReference section */
		69009BFB22313DE400C6804F /* AddAccountLocationVC.swift */ = {isa = PBXFileReference; lastKnownFileType = sourcecode.swift; path = AddAccountLocationVC.swift; sourceTree = "<group>"; };
		6907281C221B2C9F00629976 /* ObservationsEntity+CoreDataClass.swift */ = {isa = PBXFileReference; lastKnownFileType = sourcecode.swift; path = "ObservationsEntity+CoreDataClass.swift"; sourceTree = "<group>"; };
		6907281D221B2C9F00629976 /* ObservationsEntity+CoreDataProperties.swift */ = {isa = PBXFileReference; lastKnownFileType = sourcecode.swift; path = "ObservationsEntity+CoreDataProperties.swift"; sourceTree = "<group>"; };
		69072830221BEF0600629976 /* PartitionEntity+CoreDataClass.swift */ = {isa = PBXFileReference; lastKnownFileType = sourcecode.swift; path = "PartitionEntity+CoreDataClass.swift"; sourceTree = "<group>"; };
		69072831221BEF0600629976 /* PartitionEntity+CoreDataProperties.swift */ = {isa = PBXFileReference; lastKnownFileType = sourcecode.swift; path = "PartitionEntity+CoreDataProperties.swift"; sourceTree = "<group>"; };
		69072832221BEF0600629976 /* ZoneEntity+CoreDataClass.swift */ = {isa = PBXFileReference; lastKnownFileType = sourcecode.swift; path = "ZoneEntity+CoreDataClass.swift"; sourceTree = "<group>"; };
		69072833221BEF0600629976 /* ZoneEntity+CoreDataProperties.swift */ = {isa = PBXFileReference; lastKnownFileType = sourcecode.swift; path = "ZoneEntity+CoreDataProperties.swift"; sourceTree = "<group>"; };
		69086B58222D2D40007537E4 /* EventEntity+CoreDataClass.swift */ = {isa = PBXFileReference; lastKnownFileType = sourcecode.swift; path = "EventEntity+CoreDataClass.swift"; sourceTree = "<group>"; };
		69086B59222D2D40007537E4 /* EventEntity+CoreDataProperties.swift */ = {isa = PBXFileReference; lastKnownFileType = sourcecode.swift; path = "EventEntity+CoreDataProperties.swift"; sourceTree = "<group>"; };
		690DB44F214D1C3C00BA55FC /* DateAndTime.swift */ = {isa = PBXFileReference; lastKnownFileType = sourcecode.swift; path = DateAndTime.swift; sourceTree = "<group>"; };
		69128CBD222537E6002E903B /* UserEntity+CoreDataClass.swift */ = {isa = PBXFileReference; lastKnownFileType = sourcecode.swift; path = "UserEntity+CoreDataClass.swift"; sourceTree = "<group>"; };
		69128CBE222537E6002E903B /* UserEntity+CoreDataProperties.swift */ = {isa = PBXFileReference; lastKnownFileType = sourcecode.swift; path = "UserEntity+CoreDataProperties.swift"; sourceTree = "<group>"; };
		69128CC522253F2D002E903B /* UsersVC.swift */ = {isa = PBXFileReference; lastKnownFileType = sourcecode.swift; path = UsersVC.swift; sourceTree = "<group>"; };
		69128CC72225405B002E903B /* StoreUsers.swift */ = {isa = PBXFileReference; lastKnownFileType = sourcecode.swift; path = StoreUsers.swift; sourceTree = "<group>"; };
		69128CC9222543D5002E903B /* ManagerEntity+CoreDataClass.swift */ = {isa = PBXFileReference; lastKnownFileType = sourcecode.swift; path = "ManagerEntity+CoreDataClass.swift"; sourceTree = "<group>"; };
		69128CCA222543D5002E903B /* ManagerEntity+CoreDataProperties.swift */ = {isa = PBXFileReference; lastKnownFileType = sourcecode.swift; path = "ManagerEntity+CoreDataProperties.swift"; sourceTree = "<group>"; };
		69128CCD22255829002E903B /* AddUserVC.swift */ = {isa = PBXFileReference; lastKnownFileType = sourcecode.swift; path = AddUserVC.swift; sourceTree = "<group>"; };
		69128CCF2225584C002E903B /* AddManagerVC.swift */ = {isa = PBXFileReference; lastKnownFileType = sourcecode.swift; path = AddManagerVC.swift; sourceTree = "<group>"; };
		69128CD1222558C2002E903B /* UserPAsswordConfirmationVC.swift */ = {isa = PBXFileReference; lastKnownFileType = sourcecode.swift; path = UserPAsswordConfirmationVC.swift; sourceTree = "<group>"; };
		691E0A8E221DB5DC00C6CEB6 /* TicketNumberEntity+CoreDataClass.swift */ = {isa = PBXFileReference; lastKnownFileType = sourcecode.swift; path = "TicketNumberEntity+CoreDataClass.swift"; sourceTree = "<group>"; };
		691E0A8F221DB5DC00C6CEB6 /* TicketNumberEntity+CoreDataProperties.swift */ = {isa = PBXFileReference; lastKnownFileType = sourcecode.swift; path = "TicketNumberEntity+CoreDataProperties.swift"; sourceTree = "<group>"; };
		69277C9B21AEFE090088CA57 /* AddAccountViewController.swift */ = {isa = PBXFileReference; lastKnownFileType = sourcecode.swift; path = AddAccountViewController.swift; sourceTree = "<group>"; };
		6929266121AC596300AAFF23 /* AddAccount.storyboard */ = {isa = PBXFileReference; lastKnownFileType = file.storyboard; path = AddAccount.storyboard; sourceTree = "<group>"; };
		692E869021D90D9000D92F1D /* AppKit.framework */ = {isa = PBXFileReference; lastKnownFileType = wrapper.framework; name = AppKit.framework; path = System/Library/Frameworks/AppKit.framework; sourceTree = SDKROOT; };
		693670D42211A2BD006667F8 /* Account.swift */ = {isa = PBXFileReference; lastKnownFileType = sourcecode.swift; path = Account.swift; sourceTree = "<group>"; };
		694A714A2213FFD000A4AF5F /* AddPartitionVC.swift */ = {isa = PBXFileReference; lastKnownFileType = sourcecode.swift; path = AddPartitionVC.swift; sourceTree = "<group>"; };
		694A714C2214007800A4AF5F /* AddZoneVC.swift */ = {isa = PBXFileReference; lastKnownFileType = sourcecode.swift; path = AddZoneVC.swift; sourceTree = "<group>"; };
		694A714E221400C000A4AF5F /* AddEmiDetailVC.swift */ = {isa = PBXFileReference; lastKnownFileType = sourcecode.swift; path = AddEmiDetailVC.swift; sourceTree = "<group>"; };
		694A71512214013700A4AF5F /* AddObservationVC.swift */ = {isa = PBXFileReference; lastKnownFileType = sourcecode.swift; path = AddObservationVC.swift; sourceTree = "<group>"; };
		695861E6222E74D500596229 /* BlackListEntity+CoreDataClass.swift */ = {isa = PBXFileReference; lastKnownFileType = sourcecode.swift; path = "BlackListEntity+CoreDataClass.swift"; sourceTree = "<group>"; };
		695861E7222E74D500596229 /* BlackListEntity+CoreDataProperties.swift */ = {isa = PBXFileReference; lastKnownFileType = sourcecode.swift; path = "BlackListEntity+CoreDataProperties.swift"; sourceTree = "<group>"; };
		695861EA222E77B300596229 /* DspStoreData.swift */ = {isa = PBXFileReference; lastKnownFileType = sourcecode.swift; path = DspStoreData.swift; sourceTree = "<group>"; };
		695F95B6214C95B100C079D4 /* DSP.app */ = {isa = PBXFileReference; explicitFileType = wrapper.application; includeInIndex = 0; path = DSP.app; sourceTree = BUILT_PRODUCTS_DIR; };
		695F95B9214C95B100C079D4 /* AppDelegate.swift */ = {isa = PBXFileReference; lastKnownFileType = sourcecode.swift; path = AppDelegate.swift; sourceTree = "<group>"; };
		695F95BB214C95B100C079D4 /* DspViewController.swift */ = {isa = PBXFileReference; lastKnownFileType = sourcecode.swift; path = DspViewController.swift; sourceTree = "<group>"; };
		695F95BE214C95B100C079D4 /* DSP.xcdatamodel */ = {isa = PBXFileReference; lastKnownFileType = wrapper.xcdatamodel; path = DSP.xcdatamodel; sourceTree = "<group>"; };
		695F95C0214C95B200C079D4 /* Assets.xcassets */ = {isa = PBXFileReference; lastKnownFileType = folder.assetcatalog; path = Assets.xcassets; sourceTree = "<group>"; };
		695F95C3214C95B200C079D4 /* Base */ = {isa = PBXFileReference; lastKnownFileType = file.storyboard; name = Base; path = Base.lproj/Main.storyboard; sourceTree = "<group>"; };
		695F95C5214C95B200C079D4 /* Info.plist */ = {isa = PBXFileReference; lastKnownFileType = text.plist.xml; path = Info.plist; sourceTree = "<group>"; };
		695F95C6214C95B200C079D4 /* DSP.entitlements */ = {isa = PBXFileReference; lastKnownFileType = text.plist.entitlements; path = DSP.entitlements; sourceTree = "<group>"; };
		695F95D2214C96E500C079D4 /* Login.swift */ = {isa = PBXFileReference; lastKnownFileType = sourcecode.swift; path = Login.swift; sourceTree = "<group>"; };
		695F95D8214C975F00C079D4 /* Events.swift */ = {isa = PBXFileReference; lastKnownFileType = sourcecode.swift; path = Events.swift; sourceTree = "<group>"; };
		695F95DA214C978500C079D4 /* DspManager.swift */ = {isa = PBXFileReference; lastKnownFileType = sourcecode.swift; path = DspManager.swift; sourceTree = "<group>"; };
		695F95DD214C97F600C079D4 /* ParadoxIprsReciver.swift */ = {isa = PBXFileReference; lastKnownFileType = sourcecode.swift; path = ParadoxIprsReciver.swift; sourceTree = "<group>"; };
		695F95DF214C982400C079D4 /* ReciversManager.swift */ = {isa = PBXFileReference; lastKnownFileType = sourcecode.swift; path = ReciversManager.swift; sourceTree = "<group>"; };
		695F95E3214C990C00C079D4 /* TextFilesTools.swift */ = {isa = PBXFileReference; lastKnownFileType = sourcecode.swift; path = TextFilesTools.swift; sourceTree = "<group>"; };
		695F95E6214C995600C079D4 /* UserStoreData.swift */ = {isa = PBXFileReference; lastKnownFileType = sourcecode.swift; path = UserStoreData.swift; sourceTree = "<group>"; };
		695F95E9214C99E200C079D4 /* CoreDataManager.swift */ = {isa = PBXFileReference; lastKnownFileType = sourcecode.swift; path = CoreDataManager.swift; sourceTree = "<group>"; };
		697837082238262F0005CF8C /* Maxga.swift */ = {isa = PBXFileReference; lastKnownFileType = sourcecode.swift; path = Maxga.swift; sourceTree = "<group>"; };
		69A8F6F7220495DE00DA38E0 /* ScheduleEntity+CoreDataClass.swift */ = {isa = PBXFileReference; lastKnownFileType = sourcecode.swift; path = "ScheduleEntity+CoreDataClass.swift"; sourceTree = "<group>"; };
		69A8F6F8220495DE00DA38E0 /* ScheduleEntity+CoreDataProperties.swift */ = {isa = PBXFileReference; lastKnownFileType = sourcecode.swift; path = "ScheduleEntity+CoreDataProperties.swift"; sourceTree = "<group>"; };
		69AC7A37222827C00054523C /* LoginVC.swift */ = {isa = PBXFileReference; lastKnownFileType = sourcecode.swift; path = LoginVC.swift; sourceTree = "<group>"; };
		69AC7A3922282B370054523C /* UsersManager.swift */ = {isa = PBXFileReference; lastKnownFileType = sourcecode.swift; path = UsersManager.swift; sourceTree = "<group>"; };
		69B586D621DD2688007495FE /* Notifications.swift */ = {isa = PBXFileReference; lastKnownFileType = sourcecode.swift; path = Notifications.swift; sourceTree = "<group>"; };
		69B774C921B7257B001CF2F6 /* EmiEntity+CoreDataClass.swift */ = {isa = PBXFileReference; lastKnownFileType = sourcecode.swift; path = "EmiEntity+CoreDataClass.swift"; sourceTree = "<group>"; };
		69B774CA21B7257B001CF2F6 /* EmiEntity+CoreDataProperties.swift */ = {isa = PBXFileReference; lastKnownFileType = sourcecode.swift; path = "EmiEntity+CoreDataProperties.swift"; sourceTree = "<group>"; };
		69C9CDD6221036BE00FA36EE /* DspAlerts.swift */ = {isa = PBXFileReference; lastKnownFileType = sourcecode.swift; path = DspAlerts.swift; sourceTree = "<group>"; };
		69CC4AF421A5C52500D18681 /* Accounts.storyboard */ = {isa = PBXFileReference; lastKnownFileType = file.storyboard; path = Accounts.storyboard; sourceTree = "<group>"; };
		69D6BDE1221FF2F4008C1573 /* ContactEntity+CoreDataClass.swift */ = {isa = PBXFileReference; lastKnownFileType = sourcecode.swift; path = "ContactEntity+CoreDataClass.swift"; sourceTree = "<group>"; };
		69D6BDE2221FF2F4008C1573 /* ContactEntity+CoreDataProperties.swift */ = {isa = PBXFileReference; lastKnownFileType = sourcecode.swift; path = "ContactEntity+CoreDataProperties.swift"; sourceTree = "<group>"; };
		69D6BDE9221FFD33008C1573 /* AddContactVC.swift */ = {isa = PBXFileReference; lastKnownFileType = sourcecode.swift; path = AddContactVC.swift; sourceTree = "<group>"; };
		69D6BDEB22200076008C1573 /* AddTicketVC.swift */ = {isa = PBXFileReference; lastKnownFileType = sourcecode.swift; path = AddTicketVC.swift; sourceTree = "<group>"; };
		69D814B32236AF83006C2A54 /* AddEmiVC.swift */ = {isa = PBXFileReference; lastKnownFileType = sourcecode.swift; path = AddEmiVC.swift; sourceTree = "<group>"; };
		69D814B52236B1DC006C2A54 /* AddEmiLocationVC.swift */ = {isa = PBXFileReference; lastKnownFileType = sourcecode.swift; path = AddEmiLocationVC.swift; sourceTree = "<group>"; };
		69D814B72236B662006C2A54 /* AccountEntity+CoreDataClass.swift */ = {isa = PBXFileReference; lastKnownFileType = sourcecode.swift; path = "AccountEntity+CoreDataClass.swift"; sourceTree = "<group>"; };
		69D814B82236B662006C2A54 /* AccountEntity+CoreDataProperties.swift */ = {isa = PBXFileReference; lastKnownFileType = sourcecode.swift; path = "AccountEntity+CoreDataProperties.swift"; sourceTree = "<group>"; };
		69D814C32236C8B7006C2A54 /* AccountLocationEntity+CoreDataClass.swift */ = {isa = PBXFileReference; lastKnownFileType = sourcecode.swift; path = "AccountLocationEntity+CoreDataClass.swift"; sourceTree = "<group>"; };
		69D814C42236C8B7006C2A54 /* AccountLocationEntity+CoreDataProperties.swift */ = {isa = PBXFileReference; lastKnownFileType = sourcecode.swift; path = "AccountLocationEntity+CoreDataProperties.swift"; sourceTree = "<group>"; };
		69ED262D22388F4B00698788 /* AccountsViewController.swift */ = {isa = PBXFileReference; lastKnownFileType = sourcecode.swift; path = AccountsViewController.swift; sourceTree = "<group>"; };
		69ED4D032235075500D0ACBD /* TicketEntity+CoreDataClass.swift */ = {isa = PBXFileReference; lastKnownFileType = sourcecode.swift; path = "TicketEntity+CoreDataClass.swift"; sourceTree = "<group>"; };
		69ED4D042235075500D0ACBD /* TicketEntity+CoreDataProperties.swift */ = {isa = PBXFileReference; lastKnownFileType = sourcecode.swift; path = "TicketEntity+CoreDataProperties.swift"; sourceTree = "<group>"; };
		69F4304922192E9A0032E7E4 /* ActionDetailesEntity+CoreDataClass.swift */ = {isa = PBXFileReference; lastKnownFileType = sourcecode.swift; path = "ActionDetailesEntity+CoreDataClass.swift"; sourceTree = "<group>"; };
		69F4304A22192E9A0032E7E4 /* ActionDetailesEntity+CoreDataProperties.swift */ = {isa = PBXFileReference; lastKnownFileType = sourcecode.swift; path = "ActionDetailesEntity+CoreDataProperties.swift"; sourceTree = "<group>"; };
		69F4304B22192E9A0032E7E4 /* EmiDetailesEntity+CoreDataClass.swift */ = {isa = PBXFileReference; lastKnownFileType = sourcecode.swift; path = "EmiDetailesEntity+CoreDataClass.swift"; sourceTree = "<group>"; };
		69F4304C22192E9A0032E7E4 /* EmiDetailesEntity+CoreDataProperties.swift */ = {isa = PBXFileReference; lastKnownFileType = sourcecode.swift; path = "EmiDetailesEntity+CoreDataProperties.swift"; sourceTree = "<group>"; };
/* End PBXFileReference section */

/* Begin PBXFrameworksBuildPhase section */
		695F95B3214C95B100C079D4 /* Frameworks */ = {
			isa = PBXFrameworksBuildPhase;
			buildActionMask = 2147483647;
			files = (
			);
			runOnlyForDeploymentPostprocessing = 0;
		};
/* End PBXFrameworksBuildPhase section */

/* Begin PBXGroup section */
		690DB44E214D1C2200BA55FC /* DateAndTime */ = {
			isa = PBXGroup;
			children = (
				690DB44F214D1C3C00BA55FC /* DateAndTime.swift */,
			);
			path = DateAndTime;
			sourceTree = "<group>";
		};
		692E868F21D90D9000D92F1D /* Frameworks */ = {
			isa = PBXGroup;
			children = (
				692E869021D90D9000D92F1D /* AppKit.framework */,
			);
			name = Frameworks;
			sourceTree = "<group>";
		};
		694A7150221400E600A4AF5F /* AccountElements */ = {
			isa = PBXGroup;
			children = (
				693670D42211A2BD006667F8 /* Account.swift */,
				694A714A2213FFD000A4AF5F /* AddPartitionVC.swift */,
				694A714C2214007800A4AF5F /* AddZoneVC.swift */,
				694A71512214013700A4AF5F /* AddObservationVC.swift */,
				694A714E221400C000A4AF5F /* AddEmiDetailVC.swift */,
				69D6BDEB22200076008C1573 /* AddTicketVC.swift */,
				69D6BDE9221FFD33008C1573 /* AddContactVC.swift */,
				69009BFB22313DE400C6804F /* AddAccountLocationVC.swift */,
			);
			path = AccountElements;
			sourceTree = "<group>";
		};
		695F95AD214C95B100C079D4 = {
			isa = PBXGroup;
			children = (
				695F95B8214C95B100C079D4 /* DSP */,
				695F95B7214C95B100C079D4 /* Products */,
				692E868F21D90D9000D92F1D /* Frameworks */,
			);
			sourceTree = "<group>";
		};
		695F95B7214C95B100C079D4 /* Products */ = {
			isa = PBXGroup;
			children = (
				695F95B6214C95B100C079D4 /* DSP.app */,
			);
			name = Products;
			sourceTree = "<group>";
		};
		695F95B8214C95B100C079D4 /* DSP */ = {
			isa = PBXGroup;
			children = (
				695F95BB214C95B100C079D4 /* DspViewController.swift */,
				695F95DA214C978500C079D4 /* DspManager.swift */,
				695F95C2214C95B200C079D4 /* Main.storyboard */,
				695F95DC214C97CA00C079D4 /* Recivers */,
				695F95E1214C98DA00C079D4 /* SystemTools */,
				695F95D7214C974A00C079D4 /* Events */,
				695F95D4214C970900C079D4 /* Accounts */,
				695F95D1214C96C500C079D4 /* Security */,
				695F95CC214C966B00C079D4 /* Users */,
				695F95C5214C95B200C079D4 /* Info.plist */,
				695F95C6214C95B200C079D4 /* DSP.entitlements */,
				695F95C0214C95B200C079D4 /* Assets.xcassets */,
				695F95B9214C95B100C079D4 /* AppDelegate.swift */,
				69B586D621DD2688007495FE /* Notifications.swift */,
			);
			path = DSP;
			sourceTree = "<group>";
		};
		695F95CC214C966B00C079D4 /* Users */ = {
			isa = PBXGroup;
			children = (
				69128CC522253F2D002E903B /* UsersVC.swift */,
				69128CCD22255829002E903B /* AddUserVC.swift */,
				69128CCF2225584C002E903B /* AddManagerVC.swift */,
				69D814B32236AF83006C2A54 /* AddEmiVC.swift */,
				69D814B52236B1DC006C2A54 /* AddEmiLocationVC.swift */,
				69128CD1222558C2002E903B /* UserPAsswordConfirmationVC.swift */,
				69AC7A37222827C00054523C /* LoginVC.swift */,
				69AC7A3922282B370054523C /* UsersManager.swift */,
				697837082238262F0005CF8C /* Maxga.swift */,
			);
			path = Users;
			sourceTree = "<group>";
		};
		695F95D1214C96C500C079D4 /* Security */ = {
			isa = PBXGroup;
			children = (
				695F95D2214C96E500C079D4 /* Login.swift */,
			);
			path = Security;
			sourceTree = "<group>";
		};
		695F95D4214C970900C079D4 /* Accounts */ = {
			isa = PBXGroup;
			children = (
				694A7150221400E600A4AF5F /* AccountElements */,
				69CC4AF421A5C52500D18681 /* Accounts.storyboard */,
				69ED262D22388F4B00698788 /* AccountsViewController.swift */,
				6929266121AC596300AAFF23 /* AddAccount.storyboard */,
				69277C9B21AEFE090088CA57 /* AddAccountViewController.swift */,
			);
			path = Accounts;
			sourceTree = "<group>";
		};
		695F95D7214C974A00C079D4 /* Events */ = {
			isa = PBXGroup;
			children = (
				695F95D8214C975F00C079D4 /* Events.swift */,
			);
			path = Events;
			sourceTree = "<group>";
		};
		695F95DC214C97CA00C079D4 /* Recivers */ = {
			isa = PBXGroup;
			children = (
				695F95DF214C982400C079D4 /* ReciversManager.swift */,
				695F95DD214C97F600C079D4 /* ParadoxIprsReciver.swift */,
			);
			path = Recivers;
			sourceTree = "<group>";
		};
		695F95E1214C98DA00C079D4 /* SystemTools */ = {
			isa = PBXGroup;
			children = (
				69C9CDD6221036BE00FA36EE /* DspAlerts.swift */,
				690DB44E214D1C2200BA55FC /* DateAndTime */,
				695F95E5214C993F00C079D4 /* StoreData */,
				695F95E2214C98EA00C079D4 /* FilesTools */,
			);
			path = SystemTools;
			sourceTree = "<group>";
		};
		695F95E2214C98EA00C079D4 /* FilesTools */ = {
			isa = PBXGroup;
			children = (
				695F95E3214C990C00C079D4 /* TextFilesTools.swift */,
			);
			path = FilesTools;
			sourceTree = "<group>";
		};
		695F95E5214C993F00C079D4 /* StoreData */ = {
			isa = PBXGroup;
			children = (
				69B774F521B72621001CF2F6 /* CoreDataEsentials */,
				695F95E8214C99AD00C079D4 /* DataModels */,
			);
			path = StoreData;
			sourceTree = "<group>";
		};
		695F95E8214C99AD00C079D4 /* DataModels */ = {
			isa = PBXGroup;
			children = (
				69D814C32236C8B7006C2A54 /* AccountLocationEntity+CoreDataClass.swift */,
				69D814C42236C8B7006C2A54 /* AccountLocationEntity+CoreDataProperties.swift */,
				69D814B72236B662006C2A54 /* AccountEntity+CoreDataClass.swift */,
				69D814B82236B662006C2A54 /* AccountEntity+CoreDataProperties.swift */,
				69ED4D032235075500D0ACBD /* TicketEntity+CoreDataClass.swift */,
				69ED4D042235075500D0ACBD /* TicketEntity+CoreDataProperties.swift */,
				695861E6222E74D500596229 /* BlackListEntity+CoreDataClass.swift */,
				695861E7222E74D500596229 /* BlackListEntity+CoreDataProperties.swift */,
				69086B58222D2D40007537E4 /* EventEntity+CoreDataClass.swift */,
				69086B59222D2D40007537E4 /* EventEntity+CoreDataProperties.swift */,
				69128CC9222543D5002E903B /* ManagerEntity+CoreDataClass.swift */,
				69128CCA222543D5002E903B /* ManagerEntity+CoreDataProperties.swift */,
				69128CBD222537E6002E903B /* UserEntity+CoreDataClass.swift */,
				69128CBE222537E6002E903B /* UserEntity+CoreDataProperties.swift */,
				69D6BDE1221FF2F4008C1573 /* ContactEntity+CoreDataClass.swift */,
				69D6BDE2221FF2F4008C1573 /* ContactEntity+CoreDataProperties.swift */,
				691E0A8E221DB5DC00C6CEB6 /* TicketNumberEntity+CoreDataClass.swift */,
				691E0A8F221DB5DC00C6CEB6 /* TicketNumberEntity+CoreDataProperties.swift */,
				69072830221BEF0600629976 /* PartitionEntity+CoreDataClass.swift */,
				69072831221BEF0600629976 /* PartitionEntity+CoreDataProperties.swift */,
				69072832221BEF0600629976 /* ZoneEntity+CoreDataClass.swift */,
				69072833221BEF0600629976 /* ZoneEntity+CoreDataProperties.swift */,
				6907281C221B2C9F00629976 /* ObservationsEntity+CoreDataClass.swift */,
				6907281D221B2C9F00629976 /* ObservationsEntity+CoreDataProperties.swift */,
				69F4304922192E9A0032E7E4 /* ActionDetailesEntity+CoreDataClass.swift */,
				69F4304A22192E9A0032E7E4 /* ActionDetailesEntity+CoreDataProperties.swift */,
				69F4304B22192E9A0032E7E4 /* EmiDetailesEntity+CoreDataClass.swift */,
				69F4304C22192E9A0032E7E4 /* EmiDetailesEntity+CoreDataProperties.swift */,
				69A8F6F7220495DE00DA38E0 /* ScheduleEntity+CoreDataClass.swift */,
				69A8F6F8220495DE00DA38E0 /* ScheduleEntity+CoreDataProperties.swift */,
				69B774C921B7257B001CF2F6 /* EmiEntity+CoreDataClass.swift */,
				69B774CA21B7257B001CF2F6 /* EmiEntity+CoreDataProperties.swift */,
			);
			path = DataModels;
			sourceTree = "<group>";
		};
		69B774F521B72621001CF2F6 /* CoreDataEsentials */ = {
			isa = PBXGroup;
			children = (
				695F95E9214C99E200C079D4 /* CoreDataManager.swift */,
				69128CC72225405B002E903B /* StoreUsers.swift */,
				695F95E6214C995600C079D4 /* UserStoreData.swift */,
				695861EA222E77B300596229 /* DspStoreData.swift */,
				695F95BD214C95B100C079D4 /* DSP.xcdatamodeld */,
			);
			path = CoreDataEsentials;
			sourceTree = "<group>";
		};
/* End PBXGroup section */

/* Begin PBXNativeTarget section */
		695F95B5214C95B100C079D4 /* DSP */ = {
			isa = PBXNativeTarget;
			buildConfigurationList = 695F95C9214C95B200C079D4 /* Build configuration list for PBXNativeTarget "DSP" */;
			buildPhases = (
				695F95B2214C95B100C079D4 /* Sources */,
				695F95B3214C95B100C079D4 /* Frameworks */,
				695F95B4214C95B100C079D4 /* Resources */,
			);
			buildRules = (
			);
			dependencies = (
			);
			name = DSP;
			productName = DSP;
			productReference = 695F95B6214C95B100C079D4 /* DSP.app */;
			productType = "com.apple.product-type.application";
		};
/* End PBXNativeTarget section */

/* Begin PBXProject section */
		695F95AE214C95B100C079D4 /* Project object */ = {
			isa = PBXProject;
			attributes = {
				LastSwiftUpdateCheck = 1000;
				LastUpgradeCheck = 1000;
				ORGANIZATIONNAME = "Sacuiu Dragos";
				TargetAttributes = {
					695F95B5214C95B100C079D4 = {
						CreatedOnToolsVersion = 10.0;
						SystemCapabilities = {
							com.apple.Push = {
								enabled = 0;
							};
							com.apple.Sandbox = {
								enabled = 0;
							};
						};
					};
				};
			};
			buildConfigurationList = 695F95B1214C95B100C079D4 /* Build configuration list for PBXProject "DSP" */;
			compatibilityVersion = "Xcode 9.3";
			developmentRegion = en;
			hasScannedForEncodings = 0;
			knownRegions = (
				en,
				Base,
			);
			mainGroup = 695F95AD214C95B100C079D4;
			productRefGroup = 695F95B7214C95B100C079D4 /* Products */;
			projectDirPath = "";
			projectRoot = "";
			targets = (
				695F95B5214C95B100C079D4 /* DSP */,
			);
		};
/* End PBXProject section */

/* Begin PBXResourcesBuildPhase section */
		695F95B4214C95B100C079D4 /* Resources */ = {
			isa = PBXResourcesBuildPhase;
			buildActionMask = 2147483647;
			files = (
				695F95C1214C95B200C079D4 /* Assets.xcassets in Resources */,
				695F95C4214C95B200C079D4 /* Main.storyboard in Resources */,
				6929266221AC596300AAFF23 /* AddAccount.storyboard in Resources */,
				69CC4AF521A5C52500D18681 /* Accounts.storyboard in Resources */,
			);
			runOnlyForDeploymentPostprocessing = 0;
		};
/* End PBXResourcesBuildPhase section */

/* Begin PBXSourcesBuildPhase section */
		695F95B2214C95B100C079D4 /* Sources */ = {
			isa = PBXSourcesBuildPhase;
			buildActionMask = 2147483647;
			files = (
				695F95D9214C975F00C079D4 /* Events.swift in Sources */,
				69D6BDEA221FFD33008C1573 /* AddContactVC.swift in Sources */,
				6907281E221B2C9F00629976 /* ObservationsEntity+CoreDataClass.swift in Sources */,
				695F95E0214C982400C079D4 /* ReciversManager.swift in Sources */,
				69072838221BEF0600629976 /* ZoneEntity+CoreDataClass.swift in Sources */,
				69128CD02225584C002E903B /* AddManagerVC.swift in Sources */,
				69ED4D052235075500D0ACBD /* TicketEntity+CoreDataClass.swift in Sources */,
				691E0A90221DB5DC00C6CEB6 /* TicketNumberEntity+CoreDataClass.swift in Sources */,
				691E0A91221DB5DC00C6CEB6 /* TicketNumberEntity+CoreDataProperties.swift in Sources */,
				69072837221BEF0600629976 /* PartitionEntity+CoreDataProperties.swift in Sources */,
				69B586D721DD2688007495FE /* Notifications.swift in Sources */,
				69128CC1222537E6002E903B /* UserEntity+CoreDataClass.swift in Sources */,
				69ED4D062235075500D0ACBD /* TicketEntity+CoreDataProperties.swift in Sources */,
				69D814B42236AF83006C2A54 /* AddEmiVC.swift in Sources */,
				69086B5B222D2D40007537E4 /* EventEntity+CoreDataProperties.swift in Sources */,
				694A71522214013700A4AF5F /* AddObservationVC.swift in Sources */,
				695861EB222E77B300596229 /* DspStoreData.swift in Sources */,
				69128CC622253F2D002E903B /* UsersVC.swift in Sources */,
				69072839221BEF0600629976 /* ZoneEntity+CoreDataProperties.swift in Sources */,
				69D6BDEC22200076008C1573 /* AddTicketVC.swift in Sources */,
				69F4305222192E9A0032E7E4 /* EmiDetailesEntity+CoreDataProperties.swift in Sources */,
				69128CD2222558C2002E903B /* UserPAsswordConfirmationVC.swift in Sources */,
				694A714B2213FFD000A4AF5F /* AddPartitionVC.swift in Sources */,
				69D814BB2236B662006C2A54 /* AccountEntity+CoreDataClass.swift in Sources */,
				690DB450214D1C3C00BA55FC /* DateAndTime.swift in Sources */,
				69128CC2222537E6002E903B /* UserEntity+CoreDataProperties.swift in Sources */,
				69277C9C21AEFE090088CA57 /* AddAccountViewController.swift in Sources */,
				69D814C62236C8B7006C2A54 /* AccountLocationEntity+CoreDataProperties.swift in Sources */,
				69B774E121B7257B001CF2F6 /* EmiEntity+CoreDataClass.swift in Sources */,
				69D6BDE4221FF2F4008C1573 /* ContactEntity+CoreDataProperties.swift in Sources */,
				69C9CDD7221036BE00FA36EE /* DspAlerts.swift in Sources */,
				69AC7A3A22282B370054523C /* UsersManager.swift in Sources */,
				695F95E7214C995600C079D4 /* UserStoreData.swift in Sources */,
				695F95DE214C97F600C079D4 /* ParadoxIprsReciver.swift in Sources */,
				695F95BC214C95B100C079D4 /* DspViewController.swift in Sources */,
				69F4305022192E9A0032E7E4 /* ActionDetailesEntity+CoreDataProperties.swift in Sources */,
				693670D52211A2BD006667F8 /* Account.swift in Sources */,
				695861E8222E74D500596229 /* BlackListEntity+CoreDataClass.swift in Sources */,
				69D814BC2236B662006C2A54 /* AccountEntity+CoreDataProperties.swift in Sources */,
				694A714F221400C000A4AF5F /* AddEmiDetailVC.swift in Sources */,
				69D814B62236B1DC006C2A54 /* AddEmiLocationVC.swift in Sources */,
				69D6BDE3221FF2F4008C1573 /* ContactEntity+CoreDataClass.swift in Sources */,
				69F4305122192E9A0032E7E4 /* EmiDetailesEntity+CoreDataClass.swift in Sources */,
				695861E9222E74D500596229 /* BlackListEntity+CoreDataProperties.swift in Sources */,
				69B774E221B7257B001CF2F6 /* EmiEntity+CoreDataProperties.swift in Sources */,
				69AC7A38222827C00054523C /* LoginVC.swift in Sources */,
				69072836221BEF0600629976 /* PartitionEntity+CoreDataClass.swift in Sources */,
				695F95D3214C96E500C079D4 /* Login.swift in Sources */,
				695F95E4214C990C00C079D4 /* TextFilesTools.swift in Sources */,
				695F95BF214C95B100C079D4 /* DSP.xcdatamodeld in Sources */,
				69128CCC222543D5002E903B /* ManagerEntity+CoreDataProperties.swift in Sources */,
				69009BFC22313DE400C6804F /* AddAccountLocationVC.swift in Sources */,
				69A8F6F9220495DE00DA38E0 /* ScheduleEntity+CoreDataClass.swift in Sources */,
				695F95DB214C978500C079D4 /* DspManager.swift in Sources */,
				6907281F221B2C9F00629976 /* ObservationsEntity+CoreDataProperties.swift in Sources */,
				69D814C52236C8B7006C2A54 /* AccountLocationEntity+CoreDataClass.swift in Sources */,
				69F4304F22192E9A0032E7E4 /* ActionDetailesEntity+CoreDataClass.swift in Sources */,
				69128CCB222543D5002E903B /* ManagerEntity+CoreDataClass.swift in Sources */,
				69086B5A222D2D40007537E4 /* EventEntity+CoreDataClass.swift in Sources */,
				694A714D2214007800A4AF5F /* AddZoneVC.swift in Sources */,
				695F95EA214C99E200C079D4 /* CoreDataManager.swift in Sources */,
				69128CC82225405B002E903B /* StoreUsers.swift in Sources */,
				697837092238262F0005CF8C /* Maxga.swift in Sources */,
				69ED262E22388F4B00698788 /* AccountsViewController.swift in Sources */,
				69128CCE22255829002E903B /* AddUserVC.swift in Sources */,
				695F95BA214C95B100C079D4 /* AppDelegate.swift in Sources */,
				69A8F6FA220495DE00DA38E0 /* ScheduleEntity+CoreDataProperties.swift in Sources */,
			);
			runOnlyForDeploymentPostprocessing = 0;
		};
/* End PBXSourcesBuildPhase section */

/* Begin PBXVariantGroup section */
		695F95C2214C95B200C079D4 /* Main.storyboard */ = {
			isa = PBXVariantGroup;
			children = (
				695F95C3214C95B200C079D4 /* Base */,
			);
			name = Main.storyboard;
			sourceTree = "<group>";
		};
/* End PBXVariantGroup section */

/* Begin XCBuildConfiguration section */
		695F95C7214C95B200C079D4 /* Debug */ = {
			isa = XCBuildConfiguration;
			buildSettings = {
				ALWAYS_SEARCH_USER_PATHS = NO;
				CLANG_ANALYZER_NONNULL = YES;
				CLANG_ANALYZER_NUMBER_OBJECT_CONVERSION = YES_AGGRESSIVE;
				CLANG_CXX_LANGUAGE_STANDARD = "gnu++14";
				CLANG_CXX_LIBRARY = "libc++";
				CLANG_ENABLE_MODULES = YES;
				CLANG_ENABLE_OBJC_ARC = YES;
				CLANG_ENABLE_OBJC_WEAK = YES;
				CLANG_WARN_BLOCK_CAPTURE_AUTORELEASING = YES;
				CLANG_WARN_BOOL_CONVERSION = YES;
				CLANG_WARN_COMMA = YES;
				CLANG_WARN_CONSTANT_CONVERSION = YES;
				CLANG_WARN_DEPRECATED_OBJC_IMPLEMENTATIONS = YES;
				CLANG_WARN_DIRECT_OBJC_ISA_USAGE = YES_ERROR;
				CLANG_WARN_DOCUMENTATION_COMMENTS = YES;
				CLANG_WARN_EMPTY_BODY = YES;
				CLANG_WARN_ENUM_CONVERSION = YES;
				CLANG_WARN_INFINITE_RECURSION = YES;
				CLANG_WARN_INT_CONVERSION = YES;
				CLANG_WARN_NON_LITERAL_NULL_CONVERSION = YES;
				CLANG_WARN_OBJC_IMPLICIT_RETAIN_SELF = YES;
				CLANG_WARN_OBJC_LITERAL_CONVERSION = YES;
				CLANG_WARN_OBJC_ROOT_CLASS = YES_ERROR;
				CLANG_WARN_RANGE_LOOP_ANALYSIS = YES;
				CLANG_WARN_STRICT_PROTOTYPES = YES;
				CLANG_WARN_SUSPICIOUS_MOVE = YES;
				CLANG_WARN_UNGUARDED_AVAILABILITY = YES_AGGRESSIVE;
				CLANG_WARN_UNREACHABLE_CODE = YES;
				CLANG_WARN__DUPLICATE_METHOD_MATCH = YES;
				CODE_SIGN_IDENTITY = "-";
				COPY_PHASE_STRIP = NO;
				DEBUG_INFORMATION_FORMAT = dwarf;
				ENABLE_STRICT_OBJC_MSGSEND = YES;
				ENABLE_TESTABILITY = YES;
				GCC_C_LANGUAGE_STANDARD = gnu11;
				GCC_DYNAMIC_NO_PIC = NO;
				GCC_NO_COMMON_BLOCKS = YES;
				GCC_OPTIMIZATION_LEVEL = 0;
				GCC_PREPROCESSOR_DEFINITIONS = (
					"DEBUG=1",
					"$(inherited)",
				);
				GCC_WARN_64_TO_32_BIT_CONVERSION = YES;
				GCC_WARN_ABOUT_RETURN_TYPE = YES_ERROR;
				GCC_WARN_UNDECLARED_SELECTOR = YES;
				GCC_WARN_UNINITIALIZED_AUTOS = YES_AGGRESSIVE;
				GCC_WARN_UNUSED_FUNCTION = YES;
				GCC_WARN_UNUSED_VARIABLE = YES;
				MACOSX_DEPLOYMENT_TARGET = 10.14;
				MTL_ENABLE_DEBUG_INFO = INCLUDE_SOURCE;
				MTL_FAST_MATH = YES;
				ONLY_ACTIVE_ARCH = YES;
				SDKROOT = macosx;
				SWIFT_ACTIVE_COMPILATION_CONDITIONS = DEBUG;
				SWIFT_OPTIMIZATION_LEVEL = "-Onone";
			};
			name = Debug;
		};
		695F95C8214C95B200C079D4 /* Release */ = {
			isa = XCBuildConfiguration;
			buildSettings = {
				ALWAYS_SEARCH_USER_PATHS = NO;
				CLANG_ANALYZER_NONNULL = YES;
				CLANG_ANALYZER_NUMBER_OBJECT_CONVERSION = YES_AGGRESSIVE;
				CLANG_CXX_LANGUAGE_STANDARD = "gnu++14";
				CLANG_CXX_LIBRARY = "libc++";
				CLANG_ENABLE_MODULES = YES;
				CLANG_ENABLE_OBJC_ARC = YES;
				CLANG_ENABLE_OBJC_WEAK = YES;
				CLANG_WARN_BLOCK_CAPTURE_AUTORELEASING = YES;
				CLANG_WARN_BOOL_CONVERSION = YES;
				CLANG_WARN_COMMA = YES;
				CLANG_WARN_CONSTANT_CONVERSION = YES;
				CLANG_WARN_DEPRECATED_OBJC_IMPLEMENTATIONS = YES;
				CLANG_WARN_DIRECT_OBJC_ISA_USAGE = YES_ERROR;
				CLANG_WARN_DOCUMENTATION_COMMENTS = YES;
				CLANG_WARN_EMPTY_BODY = YES;
				CLANG_WARN_ENUM_CONVERSION = YES;
				CLANG_WARN_INFINITE_RECURSION = YES;
				CLANG_WARN_INT_CONVERSION = YES;
				CLANG_WARN_NON_LITERAL_NULL_CONVERSION = YES;
				CLANG_WARN_OBJC_IMPLICIT_RETAIN_SELF = YES;
				CLANG_WARN_OBJC_LITERAL_CONVERSION = YES;
				CLANG_WARN_OBJC_ROOT_CLASS = YES_ERROR;
				CLANG_WARN_RANGE_LOOP_ANALYSIS = YES;
				CLANG_WARN_STRICT_PROTOTYPES = YES;
				CLANG_WARN_SUSPICIOUS_MOVE = YES;
				CLANG_WARN_UNGUARDED_AVAILABILITY = YES_AGGRESSIVE;
				CLANG_WARN_UNREACHABLE_CODE = YES;
				CLANG_WARN__DUPLICATE_METHOD_MATCH = YES;
				CODE_SIGN_IDENTITY = "-";
				COPY_PHASE_STRIP = NO;
				DEBUG_INFORMATION_FORMAT = "dwarf-with-dsym";
				ENABLE_NS_ASSERTIONS = NO;
				ENABLE_STRICT_OBJC_MSGSEND = YES;
				GCC_C_LANGUAGE_STANDARD = gnu11;
				GCC_NO_COMMON_BLOCKS = YES;
				GCC_WARN_64_TO_32_BIT_CONVERSION = YES;
				GCC_WARN_ABOUT_RETURN_TYPE = YES_ERROR;
				GCC_WARN_UNDECLARED_SELECTOR = YES;
				GCC_WARN_UNINITIALIZED_AUTOS = YES_AGGRESSIVE;
				GCC_WARN_UNUSED_FUNCTION = YES;
				GCC_WARN_UNUSED_VARIABLE = YES;
				MACOSX_DEPLOYMENT_TARGET = 10.14;
				MTL_ENABLE_DEBUG_INFO = NO;
				MTL_FAST_MATH = YES;
				SDKROOT = macosx;
				SWIFT_COMPILATION_MODE = wholemodule;
				SWIFT_OPTIMIZATION_LEVEL = "-O";
			};
			name = Release;
		};
		695F95CA214C95B200C079D4 /* Debug */ = {
			isa = XCBuildConfiguration;
			buildSettings = {
				ASSETCATALOG_COMPILER_APPICON_NAME = AppIcon;
				CODE_SIGN_IDENTITY = "Mac Developer";
				CODE_SIGN_STYLE = Automatic;
				COMBINE_HIDPI_IMAGES = YES;
				DEVELOPMENT_TEAM = APPFN6F7YH;
				INFOPLIST_FILE = DSP/Info.plist;
				LD_RUNPATH_SEARCH_PATHS = (
					"$(inherited)",
					"@executable_path/../Frameworks",
				);
				MACOSX_DEPLOYMENT_TARGET = 10.14;
				PRODUCT_BUNDLE_IDENTIFIER = "dragosacuiu-swiftprogramming.ro.DSP";
				PRODUCT_NAME = "$(TARGET_NAME)";
				PROVISIONING_PROFILE_SPECIFIER = "";
				SWIFT_VERSION = 4.2;
			};
			name = Debug;
		};
		695F95CB214C95B200C079D4 /* Release */ = {
			isa = XCBuildConfiguration;
			buildSettings = {
				ASSETCATALOG_COMPILER_APPICON_NAME = AppIcon;
				CODE_SIGN_IDENTITY = "Mac Developer";
				CODE_SIGN_STYLE = Automatic;
				COMBINE_HIDPI_IMAGES = YES;
				DEVELOPMENT_TEAM = APPFN6F7YH;
				INFOPLIST_FILE = DSP/Info.plist;
				LD_RUNPATH_SEARCH_PATHS = (
					"$(inherited)",
					"@executable_path/../Frameworks",
				);
				MACOSX_DEPLOYMENT_TARGET = 10.14;
				PRODUCT_BUNDLE_IDENTIFIER = "dragosacuiu-swiftprogramming.ro.DSP";
				PRODUCT_NAME = "$(TARGET_NAME)";
				PROVISIONING_PROFILE_SPECIFIER = "";
				SWIFT_VERSION = 4.2;
			};
			name = Release;
		};
/* End XCBuildConfiguration section */

/* Begin XCConfigurationList section */
		695F95B1214C95B100C079D4 /* Build configuration list for PBXProject "DSP" */ = {
			isa = XCConfigurationList;
			buildConfigurations = (
				695F95C7214C95B200C079D4 /* Debug */,
				695F95C8214C95B200C079D4 /* Release */,
			);
			defaultConfigurationIsVisible = 0;
			defaultConfigurationName = Release;
		};
		695F95C9214C95B200C079D4 /* Build configuration list for PBXNativeTarget "DSP" */ = {
			isa = XCConfigurationList;
			buildConfigurations = (
				695F95CA214C95B200C079D4 /* Debug */,
				695F95CB214C95B200C079D4 /* Release */,
			);
			defaultConfigurationIsVisible = 0;
			defaultConfigurationName = Release;
		};
/* End XCConfigurationList section */

/* Begin XCVersionGroup section */
		695F95BD214C95B100C079D4 /* DSP.xcdatamodeld */ = {
			isa = XCVersionGroup;
			children = (
				695F95BE214C95B100C079D4 /* DSP.xcdatamodel */,
			);
			currentVersion = 695F95BE214C95B100C079D4 /* DSP.xcdatamodel */;
			path = DSP.xcdatamodeld;
			sourceTree = "<group>";
			versionGroupType = wrapper.xcdatamodel;
		};
/* End XCVersionGroup section */
	};
	rootObject = 695F95AE214C95B100C079D4 /* Project object */;
}
